PODS:
  - FMDB (2.5):
    - FMDB/standard (= 2.5)
  - FMDB/common (2.5)
  - FMDB/standard (2.5):
    - FMDB/common
  - GreedDB (0.0.2):
    - FMDB
    - GreedJSON
  - GreedJSON (0.0.7)

DEPENDENCIES:
  - GreedDB (from `./`)

EXTERNAL SOURCES:
  GreedDB:
    :path: ./

SPEC CHECKSUMS:
  FMDB: 96e8f1bcc1329e269330f99770ad4285d9003e52
  GreedDB: 4b1cb1cae1fa69058198bb954d5fa74b17953f22
  GreedJSON: 31ddb0e46f6f553540d4b12839745a976b4cece5

COCOAPODS: 0.39.0
